
Microsoft Visual Studio Solution File, Format Version 12.00
# Visual Studio Version 17
VisualStudioVersion = 17.2.32630.192
MinimumVisualStudioVersion = 10.0.40219.1
Project("{FAE04EC0-301F-11D3-BF4B-00C04F79EFBC}") = "ScrabbHomeBackend", "ScrabbHomeBackend.csproj", "{D5F9E375-CD5A-4AF3-94F4-8D1E4FB54CEF}"
EndProject
Global
	GlobalSection(SolutionConfigurationPlatforms) = preSolution
		Debug|Any CPU = Debug|Any CPU
		Release|Any CPU = Release|Any CPU
	EndGlobalSection
	GlobalSection(ProjectConfigurationPlatforms) = postSolution
		{D5F9E375-CD5A-4AF3-94F4-8D1E4FB54CEF}.Debug|Any CPU.ActiveCfg = Debug|Any CPU
		{D5F9E375-CD5A-4AF3-94F4-8D1E4FB54CEF}.Debug|Any CPU.Build.0 = Debug|Any CPU
		{D5F9E375-CD5A-4AF3-94F4-8D1E4FB54CEF}.Release|Any CPU.ActiveCfg = Release|Any CPU
		{D5F9E375-CD5A-4AF3-94F4-8D1E4FB54CEF}.Release|Any CPU.Build.0 = Release|Any CPU
	EndGlobalSection
	GlobalSection(SolutionProperties) = preSolution
		HideSolutionNode = FALSE
	EndGlobalSection
	GlobalSection(ExtensibilityGlobals) = postSolution
		SolutionGuid = {0034A765-4C47-4954-9549-9374D18ACA73}
	EndGlobalSection
EndGlobal
